
Microsoft Visual Studio Solution File, Format Version 12.00
# Visual Studio Version 17
VisualStudioVersion = 17.11.35208.52
MinimumVisualStudioVersion = 10.0.40219.1
Project("{FAE04EC0-301F-11D3-BF4B-00C04F79EFBC}") = "PortalAppDrawer.Server", "PortalAppDrawer.Server\PortalAppDrawer.Server.csproj", "{8C0A1B37-4F21-47CA-B741-FA52B86D2CFC}"
EndProject
Project("{54A90642-561A-4BB1-A94E-469ADEE60C69}") = "portalappdrawer.client", "portalappdrawer.client\portalappdrawer.client.esproj", "{2A937DDC-4611-4196-ACB3-FE821178082E}"
EndProject
Global
	GlobalSection(SolutionConfigurationPlatforms) = preSolution
		Debug|Any CPU = Debug|Any CPU
		Release|Any CPU = Release|Any CPU
	EndGlobalSection
	GlobalSection(ProjectConfigurationPlatforms) = postSolution
		{8C0A1B37-4F21-47CA-B741-FA52B86D2CFC}.Debug|Any CPU.ActiveCfg = Debug|Any CPU
		{8C0A1B37-4F21-47CA-B741-FA52B86D2CFC}.Debug|Any CPU.Build.0 = Debug|Any CPU
		{8C0A1B37-4F21-47CA-B741-FA52B86D2CFC}.Release|Any CPU.ActiveCfg = Release|Any CPU
		{8C0A1B37-4F21-47CA-B741-FA52B86D2CFC}.Release|Any CPU.Build.0 = Release|Any CPU
		{2A937DDC-4611-4196-ACB3-FE821178082E}.Debug|Any CPU.ActiveCfg = Debug|Any CPU
		{2A937DDC-4611-4196-ACB3-FE821178082E}.Debug|Any CPU.Build.0 = Debug|Any CPU
		{2A937DDC-4611-4196-ACB3-FE821178082E}.Debug|Any CPU.Deploy.0 = Debug|Any CPU
		{2A937DDC-4611-4196-ACB3-FE821178082E}.Release|Any CPU.ActiveCfg = Release|Any CPU
		{2A937DDC-4611-4196-ACB3-FE821178082E}.Release|Any CPU.Build.0 = Release|Any CPU
		{2A937DDC-4611-4196-ACB3-FE821178082E}.Release|Any CPU.Deploy.0 = Release|Any CPU
	EndGlobalSection
	GlobalSection(SolutionProperties) = preSolution
		HideSolutionNode = FALSE
	EndGlobalSection
	GlobalSection(ExtensibilityGlobals) = postSolution
		SolutionGuid = {E04E27CE-866A-4816-A19A-1C21C82F6B1E}
	EndGlobalSection
EndGlobal
